
Microsoft Visual Studio Solution File, Format Version 12.00
# Visual Studio Version 17
VisualStudioVersion = 17.14.36301.6 d17.14
MinimumVisualStudioVersion = 10.0.40219.1
Project("{FAE04EC0-301F-11D3-BF4B-00C04F79EFBC}") = "MyDotnetApi", "MyDotnetApi\MyDotnetApi.csproj", "{25EE0746-A3B1-C471-0466-2DEDB6F2A80B}"
EndProject
Global
	GlobalSection(SolutionConfigurationPlatforms) = preSolution
		Debug|Any CPU = Debug|Any CPU
		Release|Any CPU = Release|Any CPU
	EndGlobalSection
	GlobalSection(ProjectConfigurationPlatforms) = postSolution
		{25EE0746-A3B1-C471-0466-2DEDB6F2A80B}.Debug|Any CPU.ActiveCfg = Debug|Any CPU
		{25EE0746-A3B1-C471-0466-2DEDB6F2A80B}.Debug|Any CPU.Build.0 = Debug|Any CPU
		{25EE0746-A3B1-C471-0466-2DEDB6F2A80B}.Release|Any CPU.ActiveCfg = Release|Any CPU
		{25EE0746-A3B1-C471-0466-2DEDB6F2A80B}.Release|Any CPU.Build.0 = Release|Any CPU
	EndGlobalSection
	GlobalSection(SolutionProperties) = preSolution
		HideSolutionNode = FALSE
	EndGlobalSection
	GlobalSection(ExtensibilityGlobals) = postSolution
		SolutionGuid = {4A965D4A-A7D6-4FC1-9945-EF84145F3679}
	EndGlobalSection
EndGlobal
